Microsoft Visual Studio Solution File, Format Version 11.00
# Visual Studio 2008

Project("{C2C2455A-8B84-B7F4-A469-CFDFEC90AA53}") = "censor-me", "Assembly-CSharp.csproj", "{77878B2B-783A-EF01-CDA5-F8A46EC99BDE}"
EndProject
Global
	GlobalSection(SolutionConfigurationPlatforms) = preSolution
		Debug|Any CPU = Debug|Any CPU
		Release|Any CPU = Release|Any CPU
	EndGlobalSection
	GlobalSection(ProjectConfigurationPlatforms) = postSolution
		{77878B2B-783A-EF01-CDA5-F8A46EC99BDE}.Debug|Any CPU.ActiveCfg = Debug|Any CPU
		{77878B2B-783A-EF01-CDA5-F8A46EC99BDE}.Debug|Any CPU.Build.0 = Debug|Any CPU
		{77878B2B-783A-EF01-CDA5-F8A46EC99BDE}.Release|Any CPU.ActiveCfg = Release|Any CPU
		{77878B2B-783A-EF01-CDA5-F8A46EC99BDE}.Release|Any CPU.Build.0 = Release|Any CPU
	EndGlobalSection
	GlobalSection(SolutionProperties) = preSolution
		HideSolutionNode = FALSE
	EndGlobalSection
	GlobalSection(MonoDevelopProperties) = preSolution
		StartupItem = Assembly-CSharp.csproj
	EndGlobalSection
EndGlobal
